// !$*UTF8*$!
{
	archiveVersion = 1;
	classes = {
	};
	objectVersion = 46;
	objects = {

/* Begin PBXBuildFile section */
		6C0B1AAB1DD68E6C00AF0869 /* Key.swift in Sources */ = {isa = PBXBuildFile; fileRef = 6C0B1AAA1DD68E6C00AF0869 /* Key.swift */; };
		6C0B1AAD1DD69B9000AF0869 /* test-bg.png in Resources */ = {isa = PBXBuildFile; fileRef = 6C0B1AAC1DD69B9000AF0869 /* test-bg.png */; };
		6C0B1AB01DD6C4D500AF0869 /* world-1-bg.png in Resources */ = {isa = PBXBuildFile; fileRef = 6C0B1AAE1DD6C4D500AF0869 /* world-1-bg.png */; };
		6C0B1AB11DD6C4D500AF0869 /* world-2-bg.png in Resources */ = {isa = PBXBuildFile; fileRef = 6C0B1AAF1DD6C4D500AF0869 /* world-2-bg.png */; };
		6C0B1AB31DD6D23B00AF0869 /* Player.swift in Sources */ = {isa = PBXBuildFile; fileRef = 6C0B1AB21DD6D23B00AF0869 /* Player.swift */; };
		6C0B1AB51DD703CB00AF0869 /* Obstacle.swift in Sources */ = {isa = PBXBuildFile; fileRef = 6C0B1AB41DD703CB00AF0869 /* Obstacle.swift */; };
		6C0B1AB71DD7055900AF0869 /* ball.png in Resources */ = {isa = PBXBuildFile; fileRef = 6C0B1AB61DD7055900AF0869 /* ball.png */; };
		6C0B1ABB1DD7A20200AF0869 /* MusicPlayer.swift in Sources */ = {isa = PBXBuildFile; fileRef = 6C0B1ABA1DD7A20200AF0869 /* MusicPlayer.swift */; };
		6C0B1AD41DD7B5E600AF0869 /* Track.swift in Sources */ = {isa = PBXBuildFile; fileRef = 6C0B1AD31DD7B5E600AF0869 /* Track.swift */; };
		6C0B1AE21DD7C6A200AF0869 /* 02.WAV in Resources */ = {isa = PBXBuildFile; fileRef = 6C0B1AD71DD7C6A200AF0869 /* 02.WAV */; };
		6C0B1AE31DD7C6A200AF0869 /* 03.WAV in Resources */ = {isa = PBXBuildFile; fileRef = 6C0B1AD81DD7C6A200AF0869 /* 03.WAV */; };
		6C0B1AE41DD7C6A200AF0869 /* 04.WAV in Resources */ = {isa = PBXBuildFile; fileRef = 6C0B1AD91DD7C6A200AF0869 /* 04.WAV */; };
		6C0B1AE51DD7C6A200AF0869 /* 05.WAV in Resources */ = {isa = PBXBuildFile; fileRef = 6C0B1ADA1DD7C6A200AF0869 /* 05.WAV */; };
		6C0B1AE61DD7C6A200AF0869 /* 06.WAV in Resources */ = {isa = PBXBuildFile; fileRef = 6C0B1ADB1DD7C6A200AF0869 /* 06.WAV */; };
		6C0B1AE71DD7C6A200AF0869 /* 07.WAV in Resources */ = {isa = PBXBuildFile; fileRef = 6C0B1ADC1DD7C6A200AF0869 /* 07.WAV */; };
		6C0B1AE81DD7C6A200AF0869 /* 08.WAV in Resources */ = {isa = PBXBuildFile; fileRef = 6C0B1ADD1DD7C6A200AF0869 /* 08.WAV */; };
		6C0B1AE91DD7C6A200AF0869 /* 09.WAV in Resources */ = {isa = PBXBuildFile; fileRef = 6C0B1ADE1DD7C6A200AF0869 /* 09.WAV */; };
		6C0B1AEA1DD7C6A200AF0869 /* 10.WAV in Resources */ = {isa = PBXBuildFile; fileRef = 6C0B1ADF1DD7C6A200AF0869 /* 10.WAV */; };
		6C0B1AEB1DD7C6A200AF0869 /* 11.WAV in Resources */ = {isa = PBXBuildFile; fileRef = 6C0B1AE01DD7C6A200AF0869 /* 11.WAV */; };
		6C0B1AED1DD7C74000AF0869 /* 01.WAV in Resources */ = {isa = PBXBuildFile; fileRef = 6C0B1AEC1DD7C74000AF0869 /* 01.WAV */; };
		6CA641641DD6719600CAA819 /* mountain.png in Resources */ = {isa = PBXBuildFile; fileRef = 6CA641631DD6719600CAA819 /* mountain.png */; };
		6CA641661DD676B900CAA819 /* player.png in Resources */ = {isa = PBXBuildFile; fileRef = 6CA641651DD676B900CAA819 /* player.png */; };
		6CA641681DD67B1D00CAA819 /* World.swift in Sources */ = {isa = PBXBuildFile; fileRef = 6CA641671DD67B1D00CAA819 /* World.swift */; };
		6CB132561DD65EE9000CF128 /* GameWindowController.swift in Sources */ = {isa = PBXBuildFile; fileRef = 6CB132551DD65EE9000CF128 /* GameWindowController.swift */; };
		6CB132581DD6603F000CF128 /* Sprite.swift in Sources */ = {isa = PBXBuildFile; fileRef = 6CB132571DD6603F000CF128 /* Sprite.swift */; };
		6CB1325E1DD662E0000CF128 /* GameScene.sks in Resources */ = {isa = PBXBuildFile; fileRef = 6CB1325D1DD662E0000CF128 /* GameScene.sks */; };
		6CD3911B1DD6586000A70400 /* AppDelegate.swift in Sources */ = {isa = PBXBuildFile; fileRef = 6CD3911A1DD6586000A70400 /* AppDelegate.swift */; };
		6CD391211DD6586000A70400 /* GameScene.swift in Sources */ = {isa = PBXBuildFile; fileRef = 6CD391201DD6586000A70400 /* GameScene.swift */; };
		6CD391231DD6586000A70400 /* ViewController.swift in Sources */ = {isa = PBXBuildFile; fileRef = 6CD391221DD6586000A70400 /* ViewController.swift */; };
		6CD391251DD6586000A70400 /* Assets.xcassets in Resources */ = {isa = PBXBuildFile; fileRef = 6CD391241DD6586000A70400 /* Assets.xcassets */; };
		6CD391281DD6586000A70400 /* Main.storyboard in Resources */ = {isa = PBXBuildFile; fileRef = 6CD391261DD6586000A70400 /* Main.storyboard */; };
		6CEADF711DD65BC700C49EFA /* Constants.swift in Sources */ = {isa = PBXBuildFile; fileRef = 6CEADF701DD65BC700C49EFA /* Constants.swift */; };
/* End PBXBuildFile section */

/* Begin PBXFileReference section */
		6C0B1AAA1DD68E6C00AF0869 /* Key.swift */ = {isa = PBXFileReference; fileEncoding = 4; lastKnownFileType = sourcecode.swift; name = Key.swift; path = ../Key.swift; sourceTree = "<group>"; };
		6C0B1AAC1DD69B9000AF0869 /* test-bg.png */ = {isa = PBXFileReference; lastKnownFileType = image.png; name = "test-bg.png"; path = "resources/texture/test-bg.png"; sourceTree = "<group>"; };
		6C0B1AAE1DD6C4D500AF0869 /* world-1-bg.png */ = {isa = PBXFileReference; lastKnownFileType = image.png; name = "world-1-bg.png"; path = "resources/texture/world-1-bg.png"; sourceTree = "<group>"; };
		6C0B1AAF1DD6C4D500AF0869 /* world-2-bg.png */ = {isa = PBXFileReference; lastKnownFileType = image.png; name = "world-2-bg.png"; path = "resources/texture/world-2-bg.png"; sourceTree = "<group>"; };
		6C0B1AB21DD6D23B00AF0869 /* Player.swift */ = {isa = PBXFileReference; fileEncoding = 4; lastKnownFileType = sourcecode.swift; path = Player.swift; sourceTree = "<group>"; };
		6C0B1AB41DD703CB00AF0869 /* Obstacle.swift */ = {isa = PBXFileReference; fileEncoding = 4; lastKnownFileType = sourcecode.swift; path = Obstacle.swift; sourceTree = "<group>"; };
		6C0B1AB61DD7055900AF0869 /* ball.png */ = {isa = PBXFileReference; lastKnownFileType = image.png; name = ball.png; path = resources/texture/ball.png; sourceTree = "<group>"; };
		6C0B1ABA1DD7A20200AF0869 /* MusicPlayer.swift */ = {isa = PBXFileReference; fileEncoding = 4; lastKnownFileType = sourcecode.swift; path = MusicPlayer.swift; sourceTree = "<group>"; };
		6C0B1AD31DD7B5E600AF0869 /* Track.swift */ = {isa = PBXFileReference; fileEncoding = 4; lastKnownFileType = sourcecode.swift; path = Track.swift; sourceTree = "<group>"; };
		6C0B1AD71DD7C6A200AF0869 /* 02.WAV */ = {isa = PBXFileReference; lastKnownFileType = audio.wav; path = 02.WAV; sourceTree = "<group>"; };
		6C0B1AD81DD7C6A200AF0869 /* 03.WAV */ = {isa = PBXFileReference; lastKnownFileType = audio.wav; path = 03.WAV; sourceTree = "<group>"; };
		6C0B1AD91DD7C6A200AF0869 /* 04.WAV */ = {isa = PBXFileReference; lastKnownFileType = audio.wav; path = 04.WAV; sourceTree = "<group>"; };
		6C0B1ADA1DD7C6A200AF0869 /* 05.WAV */ = {isa = PBXFileReference; lastKnownFileType = audio.wav; path = 05.WAV; sourceTree = "<group>"; };
		6C0B1ADB1DD7C6A200AF0869 /* 06.WAV */ = {isa = PBXFileReference; lastKnownFileType = audio.wav; path = 06.WAV; sourceTree = "<group>"; };
		6C0B1ADC1DD7C6A200AF0869 /* 07.WAV */ = {isa = PBXFileReference; lastKnownFileType = audio.wav; path = 07.WAV; sourceTree = "<group>"; };
		6C0B1ADD1DD7C6A200AF0869 /* 08.WAV */ = {isa = PBXFileReference; lastKnownFileType = audio.wav; path = 08.WAV; sourceTree = "<group>"; };
		6C0B1ADE1DD7C6A200AF0869 /* 09.WAV */ = {isa = PBXFileReference; lastKnownFileType = audio.wav; path = 09.WAV; sourceTree = "<group>"; };
		6C0B1ADF1DD7C6A200AF0869 /* 10.WAV */ = {isa = PBXFileReference; lastKnownFileType = audio.wav; path = 10.WAV; sourceTree = "<group>"; };
		6C0B1AE01DD7C6A200AF0869 /* 11.WAV */ = {isa = PBXFileReference; lastKnownFileType = audio.wav; path = 11.WAV; sourceTree = "<group>"; };
		6C0B1AEC1DD7C74000AF0869 /* 01.WAV */ = {isa = PBXFileReference; lastKnownFileType = audio.wav; path = 01.WAV; sourceTree = "<group>"; };
		6CA641631DD6719600CAA819 /* mountain.png */ = {isa = PBXFileReference; lastKnownFileType = image.png; name = mountain.png; path = resources/texture/mountain.png; sourceTree = "<group>"; };
		6CA641651DD676B900CAA819 /* player.png */ = {isa = PBXFileReference; lastKnownFileType = image.png; name = player.png; path = resources/texture/player.png; sourceTree = "<group>"; };
		6CA641671DD67B1D00CAA819 /* World.swift */ = {isa = PBXFileReference; fileEncoding = 4; lastKnownFileType = sourcecode.swift; path = World.swift; sourceTree = "<group>"; };
		6CB132551DD65EE9000CF128 /* GameWindowController.swift */ = {isa = PBXFileReference; fileEncoding = 4; lastKnownFileType = sourcecode.swift; path = GameWindowController.swift; sourceTree = "<group>"; };
		6CB132571DD6603F000CF128 /* Sprite.swift */ = {isa = PBXFileReference; fileEncoding = 4; lastKnownFileType = sourcecode.swift; path = Sprite.swift; sourceTree = "<group>"; };
		6CB1325D1DD662E0000CF128 /* GameScene.sks */ = {isa = PBXFileReference; lastKnownFileType = file.sks; path = GameScene.sks; sourceTree = "<group>"; };
		6CD391171DD6586000A70400 /* Heavy Mountain.app */ = {isa = PBXFileReference; explicitFileType = wrapper.application; includeInIndex = 0; path = "Heavy Mountain.app"; sourceTree = BUILT_PRODUCTS_DIR; };
		6CD3911A1DD6586000A70400 /* AppDelegate.swift */ = {isa = PBXFileReference; lastKnownFileType = sourcecode.swift; path = AppDelegate.swift; sourceTree = "<group>"; };
		6CD391201DD6586000A70400 /* GameScene.swift */ = {isa = PBXFileReference; lastKnownFileType = sourcecode.swift; path = GameScene.swift; sourceTree = "<group>"; };
		6CD391221DD6586000A70400 /* ViewController.swift */ = {isa = PBXFileReference; lastKnownFileType = sourcecode.swift; path = ViewController.swift; sourceTree = "<group>"; };
		6CD391241DD6586000A70400 /* Assets.xcassets */ = {isa = PBXFileReference; lastKnownFileType = folder.assetcatalog; path = Assets.xcassets; sourceTree = "<group>"; };
		6CD391271DD6586000A70400 /* Base */ = {isa = PBXFileReference; lastKnownFileType = file.storyboard; name = Base; path = Base.lproj/Main.storyboard; sourceTree = "<group>"; };
		6CD391291DD6586000A70400 /* Info.plist */ = {isa = PBXFileReference; lastKnownFileType = text.plist.xml; path = Info.plist; sourceTree = "<group>"; };
		6CEADF701DD65BC700C49EFA /* Constants.swift */ = {isa = PBXFileReference; fileEncoding = 4; lastKnownFileType = sourcecode.swift; path = Constants.swift; sourceTree = "<group>"; };
/* End PBXFileReference section */

/* Begin PBXFrameworksBuildPhase section */
		6CD391141DD6586000A70400 /* Frameworks */ = {
			isa = PBXFrameworksBuildPhase;
			buildActionMask = 2147483647;
			files = (
			);
			runOnlyForDeploymentPostprocessing = 0;
		};
/* End PBXFrameworksBuildPhase section */

/* Begin PBXGroup section */
		6C0B1AD51DD7C6A200AF0869 /* music */ = {
			isa = PBXGroup;
			children = (
				6C0B1AEC1DD7C74000AF0869 /* 01.WAV */,
				6C0B1AD71DD7C6A200AF0869 /* 02.WAV */,
				6C0B1AD81DD7C6A200AF0869 /* 03.WAV */,
				6C0B1AD91DD7C6A200AF0869 /* 04.WAV */,
				6C0B1ADA1DD7C6A200AF0869 /* 05.WAV */,
				6C0B1ADB1DD7C6A200AF0869 /* 06.WAV */,
				6C0B1ADC1DD7C6A200AF0869 /* 07.WAV */,
				6C0B1ADD1DD7C6A200AF0869 /* 08.WAV */,
				6C0B1ADE1DD7C6A200AF0869 /* 09.WAV */,
				6C0B1ADF1DD7C6A200AF0869 /* 10.WAV */,
				6C0B1AE01DD7C6A200AF0869 /* 11.WAV */,
			);
			name = music;
			path = resources/sound/music;
			sourceTree = "<group>";
		};
		6CB1325F1DD665A4000CF128 /* resources */ = {
			isa = PBXGroup;
			children = (
				6C0B1AD51DD7C6A200AF0869 /* music */,
				6C0B1AAE1DD6C4D500AF0869 /* world-1-bg.png */,
				6C0B1AAF1DD6C4D500AF0869 /* world-2-bg.png */,
				6C0B1AAC1DD69B9000AF0869 /* test-bg.png */,
				6CA641651DD676B900CAA819 /* player.png */,
				6C0B1AB61DD7055900AF0869 /* ball.png */,
				6CA641631DD6719600CAA819 /* mountain.png */,
			);
			name = resources;
			path = "Heavy Mountain";
			sourceTree = "<group>";
		};
		6CD3910E1DD6586000A70400 = {
			isa = PBXGroup;
			children = (
				6CB1325F1DD665A4000CF128 /* resources */,
				6CD391191DD6586000A70400 /* Heavy Mountain */,
				6CD391181DD6586000A70400 /* Products */,
			);
			sourceTree = "<group>";
		};
		6CD391181DD6586000A70400 /* Products */ = {
			isa = PBXGroup;
			children = (
				6CD391171DD6586000A70400 /* Heavy Mountain.app */,
			);
			name = Products;
			sourceTree = "<group>";
		};
		6CD391191DD6586000A70400 /* Heavy Mountain */ = {
			isa = PBXGroup;
			children = (
				6C0B1AAA1DD68E6C00AF0869 /* Key.swift */,
				6CB132551DD65EE9000CF128 /* GameWindowController.swift */,
				6CEADF701DD65BC700C49EFA /* Constants.swift */,
				6CD3911A1DD6586000A70400 /* AppDelegate.swift */,
				6CD391201DD6586000A70400 /* GameScene.swift */,
				6C0B1ABA1DD7A20200AF0869 /* MusicPlayer.swift */,
				6C0B1AD31DD7B5E600AF0869 /* Track.swift */,
				6CA641671DD67B1D00CAA819 /* World.swift */,
				6CB132571DD6603F000CF128 /* Sprite.swift */,
				6C0B1AB41DD703CB00AF0869 /* Obstacle.swift */,
				6C0B1AB21DD6D23B00AF0869 /* Player.swift */,
				6CB1325D1DD662E0000CF128 /* GameScene.sks */,
				6CD391221DD6586000A70400 /* ViewController.swift */,
				6CD391241DD6586000A70400 /* Assets.xcassets */,
				6CD391261DD6586000A70400 /* Main.storyboard */,
				6CD391291DD6586000A70400 /* Info.plist */,
			);
			path = "Heavy Mountain";
			sourceTree = "<group>";
		};
/* End PBXGroup section */

/* Begin PBXNativeTarget section */
		6CD391161DD6586000A70400 /* Heavy Mountain */ = {
			isa = PBXNativeTarget;
			buildConfigurationList = 6CD3912C1DD6586000A70400 /* Build configuration list for PBXNativeTarget "Heavy Mountain" */;
			buildPhases = (
				6CD391131DD6586000A70400 /* Sources */,
				6CD391141DD6586000A70400 /* Frameworks */,
				6CD391151DD6586000A70400 /* Resources */,
			);
			buildRules = (
			);
			dependencies = (
			);
			name = "Heavy Mountain";
			productName = "Heavy Mountain";
			productReference = 6CD391171DD6586000A70400 /* Heavy Mountain.app */;
			productType = "com.apple.product-type.application";
		};
/* End PBXNativeTarget section */

/* Begin PBXProject section */
		6CD3910F1DD6586000A70400 /* Project object */ = {
			isa = PBXProject;
			attributes = {
				LastSwiftUpdateCheck = 0810;
				LastUpgradeCheck = 0810;
				ORGANIZATIONNAME = "Isaac Azuelos";
				TargetAttributes = {
					6CD391161DD6586000A70400 = {
						CreatedOnToolsVersion = 8.1;
						DevelopmentTeam = 9YKP257BLS;
						ProvisioningStyle = Automatic;
					};
				};
			};
			buildConfigurationList = 6CD391121DD6586000A70400 /* Build configuration list for PBXProject "Heavy Mountain" */;
			compatibilityVersion = "Xcode 3.2";
			developmentRegion = English;
			hasScannedForEncodings = 0;
			knownRegions = (
				en,
				Base,
			);
			mainGroup = 6CD3910E1DD6586000A70400;
			productRefGroup = 6CD391181DD6586000A70400 /* Products */;
			projectDirPath = "";
			projectRoot = "";
			targets = (
				6CD391161DD6586000A70400 /* Heavy Mountain */,
			);
		};
/* End PBXProject section */

/* Begin PBXResourcesBuildPhase section */
		6CD391151DD6586000A70400 /* Resources */ = {
			isa = PBXResourcesBuildPhase;
			buildActionMask = 2147483647;
			files = (
				6C0B1AEB1DD7C6A200AF0869 /* 11.WAV in Resources */,
				6C0B1AE41DD7C6A200AF0869 /* 04.WAV in Resources */,
				6CB1325E1DD662E0000CF128 /* GameScene.sks in Resources */,
				6C0B1AE31DD7C6A200AF0869 /* 03.WAV in Resources */,
				6C0B1AE51DD7C6A200AF0869 /* 05.WAV in Resources */,
				6C0B1AE21DD7C6A200AF0869 /* 02.WAV in Resources */,
				6C0B1AB01DD6C4D500AF0869 /* world-1-bg.png in Resources */,
				6C0B1AB71DD7055900AF0869 /* ball.png in Resources */,
				6CA641661DD676B900CAA819 /* player.png in Resources */,
				6CA641641DD6719600CAA819 /* mountain.png in Resources */,
				6C0B1AE71DD7C6A200AF0869 /* 07.WAV in Resources */,
				6C0B1AE61DD7C6A200AF0869 /* 06.WAV in Resources */,
				6C0B1AEA1DD7C6A200AF0869 /* 10.WAV in Resources */,
				6CD391251DD6586000A70400 /* Assets.xcassets in Resources */,
				6C0B1AE91DD7C6A200AF0869 /* 09.WAV in Resources */,
				6C0B1AED1DD7C74000AF0869 /* 01.WAV in Resources */,
				6C0B1AAD1DD69B9000AF0869 /* test-bg.png in Resources */,
				6C0B1AE81DD7C6A200AF0869 /* 08.WAV in Resources */,
				6C0B1AB11DD6C4D500AF0869 /* world-2-bg.png in Resources */,
				6CD391281DD6586000A70400 /* Main.storyboard in Resources */,
			);
			runOnlyForDeploymentPostprocessing = 0;
		};
/* End PBXResourcesBuildPhase section */

/* Begin PBXSourcesBuildPhase section */
		6CD391131DD6586000A70400 /* Sources */ = {
			isa = PBXSourcesBuildPhase;
			buildActionMask = 2147483647;
			files = (
				6C0B1ABB1DD7A20200AF0869 /* MusicPlayer.swift in Sources */,
				6CB132581DD6603F000CF128 /* Sprite.swift in Sources */,
				6C0B1AAB1DD68E6C00AF0869 /* Key.swift in Sources */,
				6C0B1AB51DD703CB00AF0869 /* Obstacle.swift in Sources */,
				6CD391231DD6586000A70400 /* ViewController.swift in Sources */,
				6CD391211DD6586000A70400 /* GameScene.swift in Sources */,
				6CB132561DD65EE9000CF128 /* GameWindowController.swift in Sources */,
				6CD3911B1DD6586000A70400 /* AppDelegate.swift in Sources */,
				6CA641681DD67B1D00CAA819 /* World.swift in Sources */,
				6C0B1AB31DD6D23B00AF0869 /* Player.swift in Sources */,
				6CEADF711DD65BC700C49EFA /* Constants.swift in Sources */,
				6C0B1AD41DD7B5E600AF0869 /* Track.swift in Sources */,
			);
			runOnlyForDeploymentPostprocessing = 0;
		};
/* End PBXSourcesBuildPhase section */

/* Begin PBXVariantGroup section */
		6CD391261DD6586000A70400 /* Main.storyboard */ = {
			isa = PBXVariantGroup;
			children = (
				6CD391271DD6586000A70400 /* Base */,
			);
			name = Main.storyboard;
			sourceTree = "<group>";
		};
/* End PBXVariantGroup section */

/* Begin XCBuildConfiguration section */
		6CD3912A1DD6586000A70400 /* Debug */ = {
			isa = XCBuildConfiguration;
			buildSettings = {
				ALWAYS_SEARCH_USER_PATHS = NO;
				CLANG_ANALYZER_NONNULL = YES;
				CLANG_CXX_LANGUAGE_STANDARD = "gnu++0x";
				CLANG_CXX_LIBRARY = "libc++";
				CLANG_ENABLE_MODULES = YES;
				CLANG_ENABLE_OBJC_ARC = YES;
				CLANG_WARN_BOOL_CONVERSION = YES;
				CLANG_WARN_CONSTANT_CONVERSION = YES;
				CLANG_WARN_DIRECT_OBJC_ISA_USAGE = YES_ERROR;
				CLANG_WARN_DOCUMENTATION_COMMENTS = YES;
				CLANG_WARN_EMPTY_BODY = YES;
				CLANG_WARN_ENUM_CONVERSION = YES;
				CLANG_WARN_INFINITE_RECURSION = YES;
				CLANG_WARN_INT_CONVERSION = YES;
				CLANG_WARN_OBJC_ROOT_CLASS = YES_ERROR;
				CLANG_WARN_SUSPICIOUS_MOVES = YES;
				CLANG_WARN_UNREACHABLE_CODE = YES;
				CLANG_WARN__DUPLICATE_METHOD_MATCH = YES;
				CODE_SIGN_IDENTITY = "-";
				COPY_PHASE_STRIP = NO;
				DEBUG_INFORMATION_FORMAT = dwarf;
				ENABLE_STRICT_OBJC_MSGSEND = YES;
				ENABLE_TESTABILITY = YES;
				GCC_C_LANGUAGE_STANDARD = gnu99;
				GCC_DYNAMIC_NO_PIC = NO;
				GCC_NO_COMMON_BLOCKS = YES;
				GCC_OPTIMIZATION_LEVEL = 0;
				GCC_PREPROCESSOR_DEFINITIONS = (
					"DEBUG=1",
					"$(inherited)",
				);
				GCC_WARN_64_TO_32_BIT_CONVERSION = YES;
				GCC_WARN_ABOUT_RETURN_TYPE = YES_ERROR;
				GCC_WARN_UNDECLARED_SELECTOR = YES;
				GCC_WARN_UNINITIALIZED_AUTOS = YES_AGGRESSIVE;
				GCC_WARN_UNUSED_FUNCTION = YES;
				GCC_WARN_UNUSED_VARIABLE = YES;
				MACOSX_DEPLOYMENT_TARGET = 10.12;
				MTL_ENABLE_DEBUG_INFO = YES;
				ONLY_ACTIVE_ARCH = YES;
				SDKROOT = macosx;
				SWIFT_ACTIVE_COMPILATION_CONDITIONS = DEBUG;
				SWIFT_OPTIMIZATION_LEVEL = "-Onone";
			};
			name = Debug;
		};
		6CD3912B1DD6586000A70400 /* Release */ = {
			isa = XCBuildConfiguration;
			buildSettings = {
				ALWAYS_SEARCH_USER_PATHS = NO;
				CLANG_ANALYZER_NONNULL = YES;
				CLANG_CXX_LANGUAGE_STANDARD = "gnu++0x";
				CLANG_CXX_LIBRARY = "libc++";
				CLANG_ENABLE_MODULES = YES;
				CLANG_ENABLE_OBJC_ARC = YES;
				CLANG_WARN_BOOL_CONVERSION = YES;
				CLANG_WARN_CONSTANT_CONVERSION = YES;
				CLANG_WARN_DIRECT_OBJC_ISA_USAGE = YES_ERROR;
				CLANG_WARN_DOCUMENTATION_COMMENTS = YES;
				CLANG_WARN_EMPTY_BODY = YES;
				CLANG_WARN_ENUM_CONVERSION = YES;
				CLANG_WARN_INFINITE_RECURSION = YES;
				CLANG_WARN_INT_CONVERSION = YES;
				CLANG_WARN_OBJC_ROOT_CLASS = YES_ERROR;
				CLANG_WARN_SUSPICIOUS_MOVES = YES;
				CLANG_WARN_UNREACHABLE_CODE = YES;
				CLANG_WARN__DUPLICATE_METHOD_MATCH = YES;
				CODE_SIGN_IDENTITY = "-";
				COPY_PHASE_STRIP = NO;
				DEBUG_INFORMATION_FORMAT = "dwarf-with-dsym";
				ENABLE_NS_ASSERTIONS = NO;
				ENABLE_STRICT_OBJC_MSGSEND = YES;
				GCC_C_LANGUAGE_STANDARD = gnu99;
				GCC_NO_COMMON_BLOCKS = YES;
				GCC_WARN_64_TO_32_BIT_CONVERSION = YES;
				GCC_WARN_ABOUT_RETURN_TYPE = YES_ERROR;
				GCC_WARN_UNDECLARED_SELECTOR = YES;
				GCC_WARN_UNINITIALIZED_AUTOS = YES_AGGRESSIVE;
				GCC_WARN_UNUSED_FUNCTION = YES;
				GCC_WARN_UNUSED_VARIABLE = YES;
				MACOSX_DEPLOYMENT_TARGET = 10.12;
				MTL_ENABLE_DEBUG_INFO = NO;
				SDKROOT = macosx;
				SWIFT_OPTIMIZATION_LEVEL = "-Owholemodule";
			};
			name = Release;
		};
		6CD3912D1DD6586000A70400 /* Debug */ = {
			isa = XCBuildConfiguration;
			buildSettings = {
				ASSETCATALOG_COMPILER_APPICON_NAME = AppIcon;
				COMBINE_HIDPI_IMAGES = YES;
				DEVELOPMENT_TEAM = 9YKP257BLS;
				INFOPLIST_FILE = "Heavy Mountain/Info.plist";
				LD_RUNPATH_SEARCH_PATHS = "$(inherited) @executable_path/../Frameworks";
				PRODUCT_BUNDLE_IDENTIFIER = "website.trash.calcade.Heavy-Mountain";
				PRODUCT_NAME = "$(TARGET_NAME)";
				SWIFT_VERSION = 3.0;
			};
			name = Debug;
		};
		6CD3912E1DD6586000A70400 /* Release */ = {
			isa = XCBuildConfiguration;
			buildSettings = {
				ASSETCATALOG_COMPILER_APPICON_NAME = AppIcon;
				COMBINE_HIDPI_IMAGES = YES;
				DEVELOPMENT_TEAM = 9YKP257BLS;
				INFOPLIST_FILE = "Heavy Mountain/Info.plist";
				LD_RUNPATH_SEARCH_PATHS = "$(inherited) @executable_path/../Frameworks";
				PRODUCT_BUNDLE_IDENTIFIER = "website.trash.calcade.Heavy-Mountain";
				PRODUCT_NAME = "$(TARGET_NAME)";
				SWIFT_VERSION = 3.0;
			};
			name = Release;
		};
/* End XCBuildConfiguration section */

/* Begin XCConfigurationList section */
		6CD391121DD6586000A70400 /* Build configuration list for PBXProject "Heavy Mountain" */ = {
			isa = XCConfigurationList;
			buildConfigurations = (
				6CD3912A1DD6586000A70400 /* Debug */,
				6CD3912B1DD6586000A70400 /* Release */,
			);
			defaultConfigurationIsVisible = 0;
			defaultConfigurationName = Release;
		};
		6CD3912C1DD6586000A70400 /* Build configuration list for PBXNativeTarget "Heavy Mountain" */ = {
			isa = XCConfigurationList;
			buildConfigurations = (
				6CD3912D1DD6586000A70400 /* Debug */,
				6CD3912E1DD6586000A70400 /* Release */,
			);
			defaultConfigurationIsVisible = 0;
			defaultConfigurationName = Release;
		};
/* End XCConfigurationList section */
	};
	rootObject = 6CD3910F1DD6586000A70400 /* Project object */;
}
