// !$*UTF8*$!
{
	archiveVersion = 1;
	classes = {
	};
	objectVersion = 46;
	objects = {

/* Begin PBXBuildFile section */
		6C0B1AB31DD6D23B00AF0869 /* Player.swift in Sources */ = {isa = PBXBuildFile; fileRef = 6C0B1AB21DD6D23B00AF0869 /* Player.swift */; };
		6C0B1AB51DD703CB00AF0869 /* Coin.swift in Sources */ = {isa = PBXBuildFile; fileRef = 6C0B1AB41DD703CB00AF0869 /* Coin.swift */; };
		6C0B1AB71DD7055900AF0869 /* ball.png in Resources */ = {isa = PBXBuildFile; fileRef = 6C0B1AB61DD7055900AF0869 /* ball.png */; };
		6C0B1ABB1DD7A20200AF0869 /* MusicPlayer.swift in Sources */ = {isa = PBXBuildFile; fileRef = 6C0B1ABA1DD7A20200AF0869 /* MusicPlayer.swift */; };
		6C0B1AD41DD7B5E600AF0869 /* Track.swift in Sources */ = {isa = PBXBuildFile; fileRef = 6C0B1AD31DD7B5E600AF0869 /* Track.swift */; };
		6C0B1AE21DD7C6A200AF0869 /* 02.WAV in Resources */ = {isa = PBXBuildFile; fileRef = 6C0B1AD71DD7C6A200AF0869 /* 02.WAV */; };
		6C0B1AE31DD7C6A200AF0869 /* 03.WAV in Resources */ = {isa = PBXBuildFile; fileRef = 6C0B1AD81DD7C6A200AF0869 /* 03.WAV */; };
		6C0B1AE41DD7C6A200AF0869 /* 04.WAV in Resources */ = {isa = PBXBuildFile; fileRef = 6C0B1AD91DD7C6A200AF0869 /* 04.WAV */; };
		6C0B1AE51DD7C6A200AF0869 /* 05.WAV in Resources */ = {isa = PBXBuildFile; fileRef = 6C0B1ADA1DD7C6A200AF0869 /* 05.WAV */; };
		6C0B1AE61DD7C6A200AF0869 /* 06.WAV in Resources */ = {isa = PBXBuildFile; fileRef = 6C0B1ADB1DD7C6A200AF0869 /* 06.WAV */; };
		6C0B1AE71DD7C6A200AF0869 /* 07.WAV in Resources */ = {isa = PBXBuildFile; fileRef = 6C0B1ADC1DD7C6A200AF0869 /* 07.WAV */; };
		6C0B1AE81DD7C6A200AF0869 /* 08.WAV in Resources */ = {isa = PBXBuildFile; fileRef = 6C0B1ADD1DD7C6A200AF0869 /* 08.WAV */; };
		6C0B1AE91DD7C6A200AF0869 /* 09.WAV in Resources */ = {isa = PBXBuildFile; fileRef = 6C0B1ADE1DD7C6A200AF0869 /* 09.WAV */; };
		6C0B1AEA1DD7C6A200AF0869 /* 10.WAV in Resources */ = {isa = PBXBuildFile; fileRef = 6C0B1ADF1DD7C6A200AF0869 /* 10.WAV */; };
		6C0B1AEB1DD7C6A200AF0869 /* 11.WAV in Resources */ = {isa = PBXBuildFile; fileRef = 6C0B1AE01DD7C6A200AF0869 /* 11.WAV */; };
		6C0B1AED1DD7C74000AF0869 /* 01.WAV in Resources */ = {isa = PBXBuildFile; fileRef = 6C0B1AEC1DD7C74000AF0869 /* 01.WAV */; };
		6C0B1B251DD7D9E000AF0869 /* background.png in Resources */ = {isa = PBXBuildFile; fileRef = 6C0B1B241DD7D9E000AF0869 /* background.png */; };
		6C0B1B2C1DD7EEDE00AF0869 /* Key.swift in Sources */ = {isa = PBXBuildFile; fileRef = 6C0B1B2A1DD7EEDE00AF0869 /* Key.swift */; };
		6C0B1B2D1DD7EEDE00AF0869 /* SoundEffect.swift in Sources */ = {isa = PBXBuildFile; fileRef = 6C0B1B2B1DD7EEDE00AF0869 /* SoundEffect.swift */; };
		6C0B1B2F1DD7F28F00AF0869 /* Hud.swift in Sources */ = {isa = PBXBuildFile; fileRef = 6C0B1B2E1DD7F28F00AF0869 /* Hud.swift */; };
		6C0B1B571DD811C500AF0869 /* mountain-cloud.png in Resources */ = {isa = PBXBuildFile; fileRef = 6C0B1B561DD811C500AF0869 /* mountain-cloud.png */; };
		6C7C1C7B1DD82F1F00A88985 /* 01. CLOUD1.WAV in Resources */ = {isa = PBXBuildFile; fileRef = 6C7C1C6B1DD82F1E00A88985 /* 01. CLOUD1.WAV */; };
		6C7C1C7C1DD82F1F00A88985 /* 02. CLOUD2.WAV in Resources */ = {isa = PBXBuildFile; fileRef = 6C7C1C6C1DD82F1F00A88985 /* 02. CLOUD2.WAV */; };
		6C7C1C7D1DD82F1F00A88985 /* 03. CLOUD3.WAV in Resources */ = {isa = PBXBuildFile; fileRef = 6C7C1C6D1DD82F1F00A88985 /* 03. CLOUD3.WAV */; };
		6C7C1C7E1DD82F1F00A88985 /* 04. CLOUD4.WAV in Resources */ = {isa = PBXBuildFile; fileRef = 6C7C1C6E1DD82F1F00A88985 /* 04. CLOUD4.WAV */; };
		6C7C1C7F1DD82F1F00A88985 /* 05. SPACE1.WAV in Resources */ = {isa = PBXBuildFile; fileRef = 6C7C1C6F1DD82F1F00A88985 /* 05. SPACE1.WAV */; };
		6C7C1C801DD82F1F00A88985 /* 06. SPACE2.WAV in Resources */ = {isa = PBXBuildFile; fileRef = 6C7C1C701DD82F1F00A88985 /* 06. SPACE2.WAV */; };
		6C7C1C811DD82F1F00A88985 /* 07. SPACE3.WAV in Resources */ = {isa = PBXBuildFile; fileRef = 6C7C1C711DD82F1F00A88985 /* 07. SPACE3.WAV */; };
		6C7C1C821DD82F1F00A88985 /* 08. SPACE4.WAV in Resources */ = {isa = PBXBuildFile; fileRef = 6C7C1C721DD82F1F00A88985 /* 08. SPACE4.WAV */; };
		6C7C1C831DD82F1F00A88985 /* 09. MACHINE1.WAV in Resources */ = {isa = PBXBuildFile; fileRef = 6C7C1C731DD82F1F00A88985 /* 09. MACHINE1.WAV */; };
		6C7C1C841DD82F1F00A88985 /* 10. MACHINE2.WAV in Resources */ = {isa = PBXBuildFile; fileRef = 6C7C1C741DD82F1F00A88985 /* 10. MACHINE2.WAV */; };
		6C7C1C851DD82F1F00A88985 /* 11. MACHINE3.WAV in Resources */ = {isa = PBXBuildFile; fileRef = 6C7C1C751DD82F1F00A88985 /* 11. MACHINE3.WAV */; };
		6C7C1C861DD82F1F00A88985 /* 12. MACHINE4.WAV in Resources */ = {isa = PBXBuildFile; fileRef = 6C7C1C761DD82F1F00A88985 /* 12. MACHINE4.WAV */; };
		6C7C1C871DD82F1F00A88985 /* 13. BEYOND1.WAV in Resources */ = {isa = PBXBuildFile; fileRef = 6C7C1C771DD82F1F00A88985 /* 13. BEYOND1.WAV */; };
		6C7C1C881DD82F1F00A88985 /* 14. BEYOND2.WAV in Resources */ = {isa = PBXBuildFile; fileRef = 6C7C1C781DD82F1F00A88985 /* 14. BEYOND2.WAV */; };
		6C7C1C891DD82F1F00A88985 /* 15. BEYOND3.WAV in Resources */ = {isa = PBXBuildFile; fileRef = 6C7C1C791DD82F1F00A88985 /* 15. BEYOND3.WAV */; };
		6C7C1C8A1DD82F1F00A88985 /* 16. BEYOND4.WAV in Resources */ = {isa = PBXBuildFile; fileRef = 6C7C1C7A1DD82F1F00A88985 /* 16. BEYOND4.WAV */; };
		6CA641641DD6719600CAA819 /* mountain.png in Resources */ = {isa = PBXBuildFile; fileRef = 6CA641631DD6719600CAA819 /* mountain.png */; };
		6CA641661DD676B900CAA819 /* player.png in Resources */ = {isa = PBXBuildFile; fileRef = 6CA641651DD676B900CAA819 /* player.png */; };
		6CA641681DD67B1D00CAA819 /* World.swift in Sources */ = {isa = PBXBuildFile; fileRef = 6CA641671DD67B1D00CAA819 /* World.swift */; };
		6CAEA6FD1DD8488F00A80FDB /* boundries.png in Resources */ = {isa = PBXBuildFile; fileRef = 6CAEA6FC1DD8488F00A80FDB /* boundries.png */; };
		6CAEA7031DD84B6400A80FDB /* player-frame-1.png in Resources */ = {isa = PBXBuildFile; fileRef = 6CAEA6FE1DD84B6400A80FDB /* player-frame-1.png */; };
		6CAEA7041DD84B6400A80FDB /* player-frame-2.png in Resources */ = {isa = PBXBuildFile; fileRef = 6CAEA6FF1DD84B6400A80FDB /* player-frame-2.png */; };
		6CAEA7051DD84B6400A80FDB /* player-frame-3.png in Resources */ = {isa = PBXBuildFile; fileRef = 6CAEA7001DD84B6400A80FDB /* player-frame-3.png */; };
		6CAEA7061DD84B6400A80FDB /* player-frame-4.png in Resources */ = {isa = PBXBuildFile; fileRef = 6CAEA7011DD84B6400A80FDB /* player-frame-4.png */; };
		6CAEA7071DD84B6400A80FDB /* player-frame-5.png in Resources */ = {isa = PBXBuildFile; fileRef = 6CAEA7021DD84B6400A80FDB /* player-frame-5.png */; };
		6CB132561DD65EE9000CF128 /* GameWindowController.swift in Sources */ = {isa = PBXBuildFile; fileRef = 6CB132551DD65EE9000CF128 /* GameWindowController.swift */; };
		6CB132581DD6603F000CF128 /* Sprite.swift in Sources */ = {isa = PBXBuildFile; fileRef = 6CB132571DD6603F000CF128 /* Sprite.swift */; };
		6CB1325E1DD662E0000CF128 /* GameScene.sks in Resources */ = {isa = PBXBuildFile; fileRef = 6CB1325D1DD662E0000CF128 /* GameScene.sks */; };
		6CD3911B1DD6586000A70400 /* AppDelegate.swift in Sources */ = {isa = PBXBuildFile; fileRef = 6CD3911A1DD6586000A70400 /* AppDelegate.swift */; };
		6CD391211DD6586000A70400 /* GameScene.swift in Sources */ = {isa = PBXBuildFile; fileRef = 6CD391201DD6586000A70400 /* GameScene.swift */; };
		6CD391231DD6586000A70400 /* ViewController.swift in Sources */ = {isa = PBXBuildFile; fileRef = 6CD391221DD6586000A70400 /* ViewController.swift */; };
		6CD391251DD6586000A70400 /* Assets.xcassets in Resources */ = {isa = PBXBuildFile; fileRef = 6CD391241DD6586000A70400 /* Assets.xcassets */; };
		6CD391281DD6586000A70400 /* Main.storyboard in Resources */ = {isa = PBXBuildFile; fileRef = 6CD391261DD6586000A70400 /* Main.storyboard */; };
		6CEADF711DD65BC700C49EFA /* Constants.swift in Sources */ = {isa = PBXBuildFile; fileRef = 6CEADF701DD65BC700C49EFA /* Constants.swift */; };
/* End PBXBuildFile section */

/* Begin PBXFileReference section */
		6C0B1AB21DD6D23B00AF0869 /* Player.swift */ = {isa = PBXFileReference; fileEncoding = 4; lastKnownFileType = sourcecode.swift; path = Player.swift; sourceTree = "<group>"; };
		6C0B1AB41DD703CB00AF0869 /* Coin.swift */ = {isa = PBXFileReference; fileEncoding = 4; lastKnownFileType = sourcecode.swift; path = Coin.swift; sourceTree = "<group>"; };
		6C0B1AB61DD7055900AF0869 /* ball.png */ = {isa = PBXFileReference; lastKnownFileType = image.png; name = ball.png; path = resources/texture/ball.png; sourceTree = "<group>"; };
		6C0B1ABA1DD7A20200AF0869 /* MusicPlayer.swift */ = {isa = PBXFileReference; fileEncoding = 4; lastKnownFileType = sourcecode.swift; path = MusicPlayer.swift; sourceTree = "<group>"; };
		6C0B1AD31DD7B5E600AF0869 /* Track.swift */ = {isa = PBXFileReference; fileEncoding = 4; lastKnownFileType = sourcecode.swift; path = Track.swift; sourceTree = "<group>"; };
		6C0B1AD71DD7C6A200AF0869 /* 02.WAV */ = {isa = PBXFileReference; lastKnownFileType = audio.wav; path = 02.WAV; sourceTree = "<group>"; };
		6C0B1AD81DD7C6A200AF0869 /* 03.WAV */ = {isa = PBXFileReference; lastKnownFileType = audio.wav; path = 03.WAV; sourceTree = "<group>"; };
		6C0B1AD91DD7C6A200AF0869 /* 04.WAV */ = {isa = PBXFileReference; lastKnownFileType = audio.wav; path = 04.WAV; sourceTree = "<group>"; };
		6C0B1ADA1DD7C6A200AF0869 /* 05.WAV */ = {isa = PBXFileReference; lastKnownFileType = audio.wav; path = 05.WAV; sourceTree = "<group>"; };
		6C0B1ADB1DD7C6A200AF0869 /* 06.WAV */ = {isa = PBXFileReference; lastKnownFileType = audio.wav; path = 06.WAV; sourceTree = "<group>"; };
		6C0B1ADC1DD7C6A200AF0869 /* 07.WAV */ = {isa = PBXFileReference; lastKnownFileType = audio.wav; path = 07.WAV; sourceTree = "<group>"; };
		6C0B1ADD1DD7C6A200AF0869 /* 08.WAV */ = {isa = PBXFileReference; lastKnownFileType = audio.wav; path = 08.WAV; sourceTree = "<group>"; };
		6C0B1ADE1DD7C6A200AF0869 /* 09.WAV */ = {isa = PBXFileReference; lastKnownFileType = audio.wav; path = 09.WAV; sourceTree = "<group>"; };
		6C0B1ADF1DD7C6A200AF0869 /* 10.WAV */ = {isa = PBXFileReference; lastKnownFileType = audio.wav; path = 10.WAV; sourceTree = "<group>"; };
		6C0B1AE01DD7C6A200AF0869 /* 11.WAV */ = {isa = PBXFileReference; lastKnownFileType = audio.wav; path = 11.WAV; sourceTree = "<group>"; };
		6C0B1AEC1DD7C74000AF0869 /* 01.WAV */ = {isa = PBXFileReference; lastKnownFileType = audio.wav; path = 01.WAV; sourceTree = "<group>"; };
		6C0B1B241DD7D9E000AF0869 /* background.png */ = {isa = PBXFileReference; lastKnownFileType = image.png; name = background.png; path = resources/texture/background.png; sourceTree = "<group>"; };
		6C0B1B2A1DD7EEDE00AF0869 /* Key.swift */ = {isa = PBXFileReference; fileEncoding = 4; lastKnownFileType = sourcecode.swift; path = Key.swift; sourceTree = "<group>"; };
		6C0B1B2B1DD7EEDE00AF0869 /* SoundEffect.swift */ = {isa = PBXFileReference; fileEncoding = 4; lastKnownFileType = sourcecode.swift; path = SoundEffect.swift; sourceTree = "<group>"; };
		6C0B1B2E1DD7F28F00AF0869 /* Hud.swift */ = {isa = PBXFileReference; fileEncoding = 4; lastKnownFileType = sourcecode.swift; path = Hud.swift; sourceTree = "<group>"; };
		6C0B1B561DD811C500AF0869 /* mountain-cloud.png */ = {isa = PBXFileReference; lastKnownFileType = image.png; name = "mountain-cloud.png"; path = "resources/texture/mountain-cloud.png"; sourceTree = "<group>"; };
		6C7C1C6B1DD82F1E00A88985 /* 01. CLOUD1.WAV */ = {isa = PBXFileReference; lastKnownFileType = audio.wav; path = "01. CLOUD1.WAV"; sourceTree = "<group>"; };
		6C7C1C6C1DD82F1F00A88985 /* 02. CLOUD2.WAV */ = {isa = PBXFileReference; lastKnownFileType = audio.wav; path = "02. CLOUD2.WAV"; sourceTree = "<group>"; };
		6C7C1C6D1DD82F1F00A88985 /* 03. CLOUD3.WAV */ = {isa = PBXFileReference; lastKnownFileType = audio.wav; path = "03. CLOUD3.WAV"; sourceTree = "<group>"; };
		6C7C1C6E1DD82F1F00A88985 /* 04. CLOUD4.WAV */ = {isa = PBXFileReference; lastKnownFileType = audio.wav; path = "04. CLOUD4.WAV"; sourceTree = "<group>"; };
		6C7C1C6F1DD82F1F00A88985 /* 05. SPACE1.WAV */ = {isa = PBXFileReference; lastKnownFileType = audio.wav; path = "05. SPACE1.WAV"; sourceTree = "<group>"; };
		6C7C1C701DD82F1F00A88985 /* 06. SPACE2.WAV */ = {isa = PBXFileReference; lastKnownFileType = audio.wav; path = "06. SPACE2.WAV"; sourceTree = "<group>"; };
		6C7C1C711DD82F1F00A88985 /* 07. SPACE3.WAV */ = {isa = PBXFileReference; lastKnownFileType = audio.wav; path = "07. SPACE3.WAV"; sourceTree = "<group>"; };
		6C7C1C721DD82F1F00A88985 /* 08. SPACE4.WAV */ = {isa = PBXFileReference; lastKnownFileType = audio.wav; path = "08. SPACE4.WAV"; sourceTree = "<group>"; };
		6C7C1C731DD82F1F00A88985 /* 09. MACHINE1.WAV */ = {isa = PBXFileReference; lastKnownFileType = audio.wav; path = "09. MACHINE1.WAV"; sourceTree = "<group>"; };
		6C7C1C741DD82F1F00A88985 /* 10. MACHINE2.WAV */ = {isa = PBXFileReference; lastKnownFileType = audio.wav; path = "10. MACHINE2.WAV"; sourceTree = "<group>"; };
		6C7C1C751DD82F1F00A88985 /* 11. MACHINE3.WAV */ = {isa = PBXFileReference; lastKnownFileType = audio.wav; path = "11. MACHINE3.WAV"; sourceTree = "<group>"; };
		6C7C1C761DD82F1F00A88985 /* 12. MACHINE4.WAV */ = {isa = PBXFileReference; lastKnownFileType = audio.wav; path = "12. MACHINE4.WAV"; sourceTree = "<group>"; };
		6C7C1C771DD82F1F00A88985 /* 13. BEYOND1.WAV */ = {isa = PBXFileReference; lastKnownFileType = audio.wav; path = "13. BEYOND1.WAV"; sourceTree = "<group>"; };
		6C7C1C781DD82F1F00A88985 /* 14. BEYOND2.WAV */ = {isa = PBXFileReference; lastKnownFileType = audio.wav; path = "14. BEYOND2.WAV"; sourceTree = "<group>"; };
		6C7C1C791DD82F1F00A88985 /* 15. BEYOND3.WAV */ = {isa = PBXFileReference; lastKnownFileType = audio.wav; path = "15. BEYOND3.WAV"; sourceTree = "<group>"; };
		6C7C1C7A1DD82F1F00A88985 /* 16. BEYOND4.WAV */ = {isa = PBXFileReference; lastKnownFileType = audio.wav; path = "16. BEYOND4.WAV"; sourceTree = "<group>"; };
		6CA641631DD6719600CAA819 /* mountain.png */ = {isa = PBXFileReference; lastKnownFileType = image.png; name = mountain.png; path = resources/texture/mountain.png; sourceTree = "<group>"; };
		6CA641651DD676B900CAA819 /* player.png */ = {isa = PBXFileReference; lastKnownFileType = image.png; name = player.png; path = resources/texture/player.png; sourceTree = "<group>"; };
		6CA641671DD67B1D00CAA819 /* World.swift */ = {isa = PBXFileReference; fileEncoding = 4; lastKnownFileType = sourcecode.swift; path = World.swift; sourceTree = "<group>"; };
		6CAEA6FC1DD8488F00A80FDB /* boundries.png */ = {isa = PBXFileReference; lastKnownFileType = image.png; name = boundries.png; path = resources/texture/boundries.png; sourceTree = "<group>"; };
		6CAEA6FE1DD84B6400A80FDB /* player-frame-1.png */ = {isa = PBXFileReference; lastKnownFileType = image.png; name = "player-frame-1.png"; path = "resources/texture/player-frames/player-frame-1.png"; sourceTree = "<group>"; };
		6CAEA6FF1DD84B6400A80FDB /* player-frame-2.png */ = {isa = PBXFileReference; lastKnownFileType = image.png; name = "player-frame-2.png"; path = "resources/texture/player-frames/player-frame-2.png"; sourceTree = "<group>"; };
		6CAEA7001DD84B6400A80FDB /* player-frame-3.png */ = {isa = PBXFileReference; lastKnownFileType = image.png; name = "player-frame-3.png"; path = "resources/texture/player-frames/player-frame-3.png"; sourceTree = "<group>"; };
		6CAEA7011DD84B6400A80FDB /* player-frame-4.png */ = {isa = PBXFileReference; lastKnownFileType = image.png; name = "player-frame-4.png"; path = "resources/texture/player-frames/player-frame-4.png"; sourceTree = "<group>"; };
		6CAEA7021DD84B6400A80FDB /* player-frame-5.png */ = {isa = PBXFileReference; lastKnownFileType = image.png; name = "player-frame-5.png"; path = "resources/texture/player-frames/player-frame-5.png"; sourceTree = "<group>"; };
		6CB132551DD65EE9000CF128 /* GameWindowController.swift */ = {isa = PBXFileReference; fileEncoding = 4; lastKnownFileType = sourcecode.swift; path = GameWindowController.swift; sourceTree = "<group>"; };
		6CB132571DD6603F000CF128 /* Sprite.swift */ = {isa = PBXFileReference; fileEncoding = 4; lastKnownFileType = sourcecode.swift; path = Sprite.swift; sourceTree = "<group>"; };
		6CB1325D1DD662E0000CF128 /* GameScene.sks */ = {isa = PBXFileReference; lastKnownFileType = file.sks; path = GameScene.sks; sourceTree = "<group>"; };
		6CD391171DD6586000A70400 /* Heavy Mountain.app */ = {isa = PBXFileReference; explicitFileType = wrapper.application; includeInIndex = 0; path = "Heavy Mountain.app"; sourceTree = BUILT_PRODUCTS_DIR; };
		6CD3911A1DD6586000A70400 /* AppDelegate.swift */ = {isa = PBXFileReference; lastKnownFileType = sourcecode.swift; path = AppDelegate.swift; sourceTree = "<group>"; };
		6CD391201DD6586000A70400 /* GameScene.swift */ = {isa = PBXFileReference; lastKnownFileType = sourcecode.swift; path = GameScene.swift; sourceTree = "<group>"; };
		6CD391221DD6586000A70400 /* ViewController.swift */ = {isa = PBXFileReference; lastKnownFileType = sourcecode.swift; path = ViewController.swift; sourceTree = "<group>"; };
		6CD391241DD6586000A70400 /* Assets.xcassets */ = {isa = PBXFileReference; lastKnownFileType = folder.assetcatalog; path = Assets.xcassets; sourceTree = "<group>"; };
		6CD391271DD6586000A70400 /* Base */ = {isa = PBXFileReference; lastKnownFileType = file.storyboard; name = Base; path = Base.lproj/Main.storyboard; sourceTree = "<group>"; };
		6CD391291DD6586000A70400 /* Info.plist */ = {isa = PBXFileReference; lastKnownFileType = text.plist.xml; path = Info.plist; sourceTree = "<group>"; };
		6CEADF701DD65BC700C49EFA /* Constants.swift */ = {isa = PBXFileReference; fileEncoding = 4; lastKnownFileType = sourcecode.swift; path = Constants.swift; sourceTree = "<group>"; };
/* End PBXFileReference section */

/* Begin PBXFrameworksBuildPhase section */
		6CD391141DD6586000A70400 /* Frameworks */ = {
			isa = PBXFrameworksBuildPhase;
			buildActionMask = 2147483647;
			files = (
			);
			runOnlyForDeploymentPostprocessing = 0;
		};
/* End PBXFrameworksBuildPhase section */

/* Begin PBXGroup section */
		6C0B1AD51DD7C6A200AF0869 /* music */ = {
			isa = PBXGroup;
			children = (
				6C0B1AEC1DD7C74000AF0869 /* 01.WAV */,
				6C0B1AD71DD7C6A200AF0869 /* 02.WAV */,
				6C0B1AD81DD7C6A200AF0869 /* 03.WAV */,
				6C0B1AD91DD7C6A200AF0869 /* 04.WAV */,
				6C0B1ADA1DD7C6A200AF0869 /* 05.WAV */,
				6C0B1ADB1DD7C6A200AF0869 /* 06.WAV */,
				6C0B1ADC1DD7C6A200AF0869 /* 07.WAV */,
				6C0B1ADD1DD7C6A200AF0869 /* 08.WAV */,
				6C0B1ADE1DD7C6A200AF0869 /* 09.WAV */,
				6C0B1ADF1DD7C6A200AF0869 /* 10.WAV */,
				6C0B1AE01DD7C6A200AF0869 /* 11.WAV */,
			);
			name = music;
			path = resources/sound/music;
			sourceTree = "<group>";
		};
		6C0B1B101DD7CCF800AF0869 /* effects */ = {
			isa = PBXGroup;
			children = (
				6C7C1C6B1DD82F1E00A88985 /* 01. CLOUD1.WAV */,
				6C7C1C6C1DD82F1F00A88985 /* 02. CLOUD2.WAV */,
				6C7C1C6D1DD82F1F00A88985 /* 03. CLOUD3.WAV */,
				6C7C1C6E1DD82F1F00A88985 /* 04. CLOUD4.WAV */,
				6C7C1C6F1DD82F1F00A88985 /* 05. SPACE1.WAV */,
				6C7C1C701DD82F1F00A88985 /* 06. SPACE2.WAV */,
				6C7C1C711DD82F1F00A88985 /* 07. SPACE3.WAV */,
				6C7C1C721DD82F1F00A88985 /* 08. SPACE4.WAV */,
				6C7C1C731DD82F1F00A88985 /* 09. MACHINE1.WAV */,
				6C7C1C741DD82F1F00A88985 /* 10. MACHINE2.WAV */,
				6C7C1C751DD82F1F00A88985 /* 11. MACHINE3.WAV */,
				6C7C1C761DD82F1F00A88985 /* 12. MACHINE4.WAV */,
				6C7C1C771DD82F1F00A88985 /* 13. BEYOND1.WAV */,
				6C7C1C781DD82F1F00A88985 /* 14. BEYOND2.WAV */,
				6C7C1C791DD82F1F00A88985 /* 15. BEYOND3.WAV */,
				6C7C1C7A1DD82F1F00A88985 /* 16. BEYOND4.WAV */,
			);
			name = effects;
			path = resources/sound/music;
			sourceTree = "<group>";
		};
		6C0B1B111DD7CD7300AF0869 /* worlds */ = {
			isa = PBXGroup;
			children = (
				6C0B1B241DD7D9E000AF0869 /* background.png */,
				6CAEA6FC1DD8488F00A80FDB /* boundries.png */,
				6C0B1B1A1DD7CDA600AF0869 /* mountain */,
			);
			name = worlds;
			sourceTree = "<group>";
		};
		6C0B1B1A1DD7CDA600AF0869 /* mountain */ = {
			isa = PBXGroup;
			children = (
				6CA641631DD6719600CAA819 /* mountain.png */,
				6C0B1B561DD811C500AF0869 /* mountain-cloud.png */,
			);
			name = mountain;
			sourceTree = "<group>";
		};
		6C0B1B1D1DD7CDC800AF0869 /* entities */ = {
			isa = PBXGroup;
			children = (
				6CA641651DD676B900CAA819 /* player.png */,
				6CAEA7081DD84B6D00A80FDB /* player */,
				6C0B1AB61DD7055900AF0869 /* ball.png */,
			);
			name = entities;
			sourceTree = "<group>";
		};
		6C0B1B1E1DD7CDE000AF0869 /* app */ = {
			isa = PBXGroup;
			children = (
				6CB132551DD65EE9000CF128 /* GameWindowController.swift */,
				6CD3911A1DD6586000A70400 /* AppDelegate.swift */,
				6CB1325D1DD662E0000CF128 /* GameScene.sks */,
				6CD391221DD6586000A70400 /* ViewController.swift */,
				6CD391241DD6586000A70400 /* Assets.xcassets */,
				6CD391261DD6586000A70400 /* Main.storyboard */,
				6CD391291DD6586000A70400 /* Info.plist */,
			);
			name = app;
			sourceTree = "<group>";
		};
		6C0B1B1F1DD7CDF300AF0869 /* game */ = {
			isa = PBXGroup;
			children = (
				6CEADF701DD65BC700C49EFA /* Constants.swift */,
				6CD391201DD6586000A70400 /* GameScene.swift */,
				6C0B1B2E1DD7F28F00AF0869 /* Hud.swift */,
				6C0B1ABA1DD7A20200AF0869 /* MusicPlayer.swift */,
				6C0B1AB41DD703CB00AF0869 /* Coin.swift */,
				6C0B1B2A1DD7EEDE00AF0869 /* Key.swift */,
				6C0B1B2B1DD7EEDE00AF0869 /* SoundEffect.swift */,
				6C0B1AB21DD6D23B00AF0869 /* Player.swift */,
				6CB132571DD6603F000CF128 /* Sprite.swift */,
				6C0B1AD31DD7B5E600AF0869 /* Track.swift */,
				6CA641671DD67B1D00CAA819 /* World.swift */,
			);
			name = game;
			sourceTree = "<group>";
		};
		6CAEA7081DD84B6D00A80FDB /* player */ = {
			isa = PBXGroup;
			children = (
				6CAEA6FE1DD84B6400A80FDB /* player-frame-1.png */,
				6CAEA6FF1DD84B6400A80FDB /* player-frame-2.png */,
				6CAEA7001DD84B6400A80FDB /* player-frame-3.png */,
				6CAEA7011DD84B6400A80FDB /* player-frame-4.png */,
				6CAEA7021DD84B6400A80FDB /* player-frame-5.png */,
			);
			name = player;
			sourceTree = "<group>";
		};
		6CB1325F1DD665A4000CF128 /* resources */ = {
			isa = PBXGroup;
			children = (
				6C0B1B101DD7CCF800AF0869 /* effects */,
				6C0B1AD51DD7C6A200AF0869 /* music */,
				6C0B1B1D1DD7CDC800AF0869 /* entities */,
				6C0B1B111DD7CD7300AF0869 /* worlds */,
			);
			name = resources;
			path = "Heavy Mountain";
			sourceTree = "<group>";
		};
		6CD3910E1DD6586000A70400 = {
			isa = PBXGroup;
			children = (
				6CB1325F1DD665A4000CF128 /* resources */,
				6CD391191DD6586000A70400 /* Heavy Mountain */,
				6CD391181DD6586000A70400 /* Products */,
			);
			sourceTree = "<group>";
		};
		6CD391181DD6586000A70400 /* Products */ = {
			isa = PBXGroup;
			children = (
				6CD391171DD6586000A70400 /* Heavy Mountain.app */,
			);
			name = Products;
			sourceTree = "<group>";
		};
		6CD391191DD6586000A70400 /* Heavy Mountain */ = {
			isa = PBXGroup;
			children = (
				6C0B1B1E1DD7CDE000AF0869 /* app */,
				6C0B1B1F1DD7CDF300AF0869 /* game */,
			);
			path = "Heavy Mountain";
			sourceTree = "<group>";
		};
/* End PBXGroup section */

/* Begin PBXNativeTarget section */
		6CD391161DD6586000A70400 /* Heavy Mountain */ = {
			isa = PBXNativeTarget;
			buildConfigurationList = 6CD3912C1DD6586000A70400 /* Build configuration list for PBXNativeTarget "Heavy Mountain" */;
			buildPhases = (
				6CD391131DD6586000A70400 /* Sources */,
				6CD391141DD6586000A70400 /* Frameworks */,
				6CD391151DD6586000A70400 /* Resources */,
			);
			buildRules = (
			);
			dependencies = (
			);
			name = "Heavy Mountain";
			productName = "Heavy Mountain";
			productReference = 6CD391171DD6586000A70400 /* Heavy Mountain.app */;
			productType = "com.apple.product-type.application";
		};
/* End PBXNativeTarget section */

/* Begin PBXProject section */
		6CD3910F1DD6586000A70400 /* Project object */ = {
			isa = PBXProject;
			attributes = {
				LastSwiftUpdateCheck = 0810;
				LastUpgradeCheck = 0810;
				ORGANIZATIONNAME = "Isaac Azuelos";
				TargetAttributes = {
					6CD391161DD6586000A70400 = {
						CreatedOnToolsVersion = 8.1;
						DevelopmentTeam = 9YKP257BLS;
						ProvisioningStyle = Automatic;
					};
				};
			};
			buildConfigurationList = 6CD391121DD6586000A70400 /* Build configuration list for PBXProject "Heavy Mountain" */;
			compatibilityVersion = "Xcode 3.2";
			developmentRegion = English;
			hasScannedForEncodings = 0;
			knownRegions = (
				en,
				Base,
			);
			mainGroup = 6CD3910E1DD6586000A70400;
			productRefGroup = 6CD391181DD6586000A70400 /* Products */;
			projectDirPath = "";
			projectRoot = "";
			targets = (
				6CD391161DD6586000A70400 /* Heavy Mountain */,
			);
		};
/* End PBXProject section */

/* Begin PBXResourcesBuildPhase section */
		6CD391151DD6586000A70400 /* Resources */ = {
			isa = PBXResourcesBuildPhase;
			buildActionMask = 2147483647;
			files = (
				6C0B1AEB1DD7C6A200AF0869 /* 11.WAV in Resources */,
				6C0B1AE41DD7C6A200AF0869 /* 04.WAV in Resources */,
				6CAEA7061DD84B6400A80FDB /* player-frame-4.png in Resources */,
				6CB1325E1DD662E0000CF128 /* GameScene.sks in Resources */,
				6C7C1C891DD82F1F00A88985 /* 15. BEYOND3.WAV in Resources */,
				6CAEA7051DD84B6400A80FDB /* player-frame-3.png in Resources */,
				6C7C1C7B1DD82F1F00A88985 /* 01. CLOUD1.WAV in Resources */,
				6C7C1C881DD82F1F00A88985 /* 14. BEYOND2.WAV in Resources */,
				6C7C1C861DD82F1F00A88985 /* 12. MACHINE4.WAV in Resources */,
				6C7C1C871DD82F1F00A88985 /* 13. BEYOND1.WAV in Resources */,
				6C7C1C851DD82F1F00A88985 /* 11. MACHINE3.WAV in Resources */,
				6C0B1AE31DD7C6A200AF0869 /* 03.WAV in Resources */,
				6C0B1AE51DD7C6A200AF0869 /* 05.WAV in Resources */,
				6CAEA7031DD84B6400A80FDB /* player-frame-1.png in Resources */,
				6C0B1AE21DD7C6A200AF0869 /* 02.WAV in Resources */,
				6C0B1AB71DD7055900AF0869 /* ball.png in Resources */,
				6CA641661DD676B900CAA819 /* player.png in Resources */,
				6C7C1C841DD82F1F00A88985 /* 10. MACHINE2.WAV in Resources */,
				6CA641641DD6719600CAA819 /* mountain.png in Resources */,
				6C0B1AE71DD7C6A200AF0869 /* 07.WAV in Resources */,
				6CAEA7041DD84B6400A80FDB /* player-frame-2.png in Resources */,
				6C0B1AE61DD7C6A200AF0869 /* 06.WAV in Resources */,
				6C7C1C7D1DD82F1F00A88985 /* 03. CLOUD3.WAV in Resources */,
				6C7C1C7C1DD82F1F00A88985 /* 02. CLOUD2.WAV in Resources */,
				6C7C1C7E1DD82F1F00A88985 /* 04. CLOUD4.WAV in Resources */,
				6C0B1B571DD811C500AF0869 /* mountain-cloud.png in Resources */,
				6C0B1B251DD7D9E000AF0869 /* background.png in Resources */,
				6C7C1C811DD82F1F00A88985 /* 07. SPACE3.WAV in Resources */,
				6C0B1AEA1DD7C6A200AF0869 /* 10.WAV in Resources */,
				6C7C1C801DD82F1F00A88985 /* 06. SPACE2.WAV in Resources */,
				6CD391251DD6586000A70400 /* Assets.xcassets in Resources */,
				6CAEA6FD1DD8488F00A80FDB /* boundries.png in Resources */,
				6C0B1AE91DD7C6A200AF0869 /* 09.WAV in Resources */,
				6C7C1C7F1DD82F1F00A88985 /* 05. SPACE1.WAV in Resources */,
				6C7C1C821DD82F1F00A88985 /* 08. SPACE4.WAV in Resources */,
				6C0B1AED1DD7C74000AF0869 /* 01.WAV in Resources */,
				6C7C1C831DD82F1F00A88985 /* 09. MACHINE1.WAV in Resources */,
				6CAEA7071DD84B6400A80FDB /* player-frame-5.png in Resources */,
				6C0B1AE81DD7C6A200AF0869 /* 08.WAV in Resources */,
				6C7C1C8A1DD82F1F00A88985 /* 16. BEYOND4.WAV in Resources */,
				6CD391281DD6586000A70400 /* Main.storyboard in Resources */,
			);
			runOnlyForDeploymentPostprocessing = 0;
		};
/* End PBXResourcesBuildPhase section */

/* Begin PBXSourcesBuildPhase section */
		6CD391131DD6586000A70400 /* Sources */ = {
			isa = PBXSourcesBuildPhase;
			buildActionMask = 2147483647;
			files = (
				6C0B1ABB1DD7A20200AF0869 /* MusicPlayer.swift in Sources */,
				6CB132581DD6603F000CF128 /* Sprite.swift in Sources */,
				6C0B1AB51DD703CB00AF0869 /* Coin.swift in Sources */,
				6C0B1B2F1DD7F28F00AF0869 /* Hud.swift in Sources */,
				6CD391231DD6586000A70400 /* ViewController.swift in Sources */,
				6CD391211DD6586000A70400 /* GameScene.swift in Sources */,
				6C0B1B2C1DD7EEDE00AF0869 /* Key.swift in Sources */,
				6CB132561DD65EE9000CF128 /* GameWindowController.swift in Sources */,
				6CD3911B1DD6586000A70400 /* AppDelegate.swift in Sources */,
				6CA641681DD67B1D00CAA819 /* World.swift in Sources */,
				6C0B1AB31DD6D23B00AF0869 /* Player.swift in Sources */,
				6C0B1B2D1DD7EEDE00AF0869 /* SoundEffect.swift in Sources */,
				6CEADF711DD65BC700C49EFA /* Constants.swift in Sources */,
				6C0B1AD41DD7B5E600AF0869 /* Track.swift in Sources */,
			);
			runOnlyForDeploymentPostprocessing = 0;
		};
/* End PBXSourcesBuildPhase section */

/* Begin PBXVariantGroup section */
		6CD391261DD6586000A70400 /* Main.storyboard */ = {
			isa = PBXVariantGroup;
			children = (
				6CD391271DD6586000A70400 /* Base */,
			);
			name = Main.storyboard;
			sourceTree = "<group>";
		};
/* End PBXVariantGroup section */

/* Begin XCBuildConfiguration section */
		6CD3912A1DD6586000A70400 /* Debug */ = {
			isa = XCBuildConfiguration;
			buildSettings = {
				ALWAYS_SEARCH_USER_PATHS = NO;
				CLANG_ANALYZER_NONNULL = YES;
				CLANG_CXX_LANGUAGE_STANDARD = "gnu++0x";
				CLANG_CXX_LIBRARY = "libc++";
				CLANG_ENABLE_MODULES = YES;
				CLANG_ENABLE_OBJC_ARC = YES;
				CLANG_WARN_BOOL_CONVERSION = YES;
				CLANG_WARN_CONSTANT_CONVERSION = YES;
				CLANG_WARN_DIRECT_OBJC_ISA_USAGE = YES_ERROR;
				CLANG_WARN_DOCUMENTATION_COMMENTS = YES;
				CLANG_WARN_EMPTY_BODY = YES;
				CLANG_WARN_ENUM_CONVERSION = YES;
				CLANG_WARN_INFINITE_RECURSION = YES;
				CLANG_WARN_INT_CONVERSION = YES;
				CLANG_WARN_OBJC_ROOT_CLASS = YES_ERROR;
				CLANG_WARN_SUSPICIOUS_MOVES = YES;
				CLANG_WARN_UNREACHABLE_CODE = YES;
				CLANG_WARN__DUPLICATE_METHOD_MATCH = YES;
				CODE_SIGN_IDENTITY = "-";
				COPY_PHASE_STRIP = NO;
				DEBUG_INFORMATION_FORMAT = dwarf;
				ENABLE_STRICT_OBJC_MSGSEND = YES;
				ENABLE_TESTABILITY = YES;
				GCC_C_LANGUAGE_STANDARD = gnu99;
				GCC_DYNAMIC_NO_PIC = NO;
				GCC_NO_COMMON_BLOCKS = YES;
				GCC_OPTIMIZATION_LEVEL = 0;
				GCC_PREPROCESSOR_DEFINITIONS = (
					"DEBUG=1",
					"$(inherited)",
				);
				GCC_WARN_64_TO_32_BIT_CONVERSION = YES;
				GCC_WARN_ABOUT_RETURN_TYPE = YES_ERROR;
				GCC_WARN_UNDECLARED_SELECTOR = YES;
				GCC_WARN_UNINITIALIZED_AUTOS = YES_AGGRESSIVE;
				GCC_WARN_UNUSED_FUNCTION = YES;
				GCC_WARN_UNUSED_VARIABLE = YES;
				MACOSX_DEPLOYMENT_TARGET = 10.12;
				MTL_ENABLE_DEBUG_INFO = YES;
				ONLY_ACTIVE_ARCH = YES;
				SDKROOT = macosx;
				SWIFT_ACTIVE_COMPILATION_CONDITIONS = DEBUG;
				SWIFT_OPTIMIZATION_LEVEL = "-Onone";
			};
			name = Debug;
		};
		6CD3912B1DD6586000A70400 /* Release */ = {
			isa = XCBuildConfiguration;
			buildSettings = {
				ALWAYS_SEARCH_USER_PATHS = NO;
				CLANG_ANALYZER_NONNULL = YES;
				CLANG_CXX_LANGUAGE_STANDARD = "gnu++0x";
				CLANG_CXX_LIBRARY = "libc++";
				CLANG_ENABLE_MODULES = YES;
				CLANG_ENABLE_OBJC_ARC = YES;
				CLANG_WARN_BOOL_CONVERSION = YES;
				CLANG_WARN_CONSTANT_CONVERSION = YES;
				CLANG_WARN_DIRECT_OBJC_ISA_USAGE = YES_ERROR;
				CLANG_WARN_DOCUMENTATION_COMMENTS = YES;
				CLANG_WARN_EMPTY_BODY = YES;
				CLANG_WARN_ENUM_CONVERSION = YES;
				CLANG_WARN_INFINITE_RECURSION = YES;
				CLANG_WARN_INT_CONVERSION = YES;
				CLANG_WARN_OBJC_ROOT_CLASS = YES_ERROR;
				CLANG_WARN_SUSPICIOUS_MOVES = YES;
				CLANG_WARN_UNREACHABLE_CODE = YES;
				CLANG_WARN__DUPLICATE_METHOD_MATCH = YES;
				CODE_SIGN_IDENTITY = "-";
				COPY_PHASE_STRIP = NO;
				DEBUG_INFORMATION_FORMAT = "dwarf-with-dsym";
				ENABLE_NS_ASSERTIONS = NO;
				ENABLE_STRICT_OBJC_MSGSEND = YES;
				GCC_C_LANGUAGE_STANDARD = gnu99;
				GCC_NO_COMMON_BLOCKS = YES;
				GCC_WARN_64_TO_32_BIT_CONVERSION = YES;
				GCC_WARN_ABOUT_RETURN_TYPE = YES_ERROR;
				GCC_WARN_UNDECLARED_SELECTOR = YES;
				GCC_WARN_UNINITIALIZED_AUTOS = YES_AGGRESSIVE;
				GCC_WARN_UNUSED_FUNCTION = YES;
				GCC_WARN_UNUSED_VARIABLE = YES;
				MACOSX_DEPLOYMENT_TARGET = 10.12;
				MTL_ENABLE_DEBUG_INFO = NO;
				SDKROOT = macosx;
				SWIFT_OPTIMIZATION_LEVEL = "-Owholemodule";
			};
			name = Release;
		};
		6CD3912D1DD6586000A70400 /* Debug */ = {
			isa = XCBuildConfiguration;
			buildSettings = {
				ASSETCATALOG_COMPILER_APPICON_NAME = AppIcon;
				COMBINE_HIDPI_IMAGES = YES;
				DEVELOPMENT_TEAM = 9YKP257BLS;
				INFOPLIST_FILE = "Heavy Mountain/Info.plist";
				LD_RUNPATH_SEARCH_PATHS = "$(inherited) @executable_path/../Frameworks";
				MACOSX_DEPLOYMENT_TARGET = 10.12;
				PRODUCT_BUNDLE_IDENTIFIER = "website.trash.calcade.Heavy-Mountain";
				PRODUCT_NAME = "$(TARGET_NAME)";
				SWIFT_VERSION = 3.0;
			};
			name = Debug;
		};
		6CD3912E1DD6586000A70400 /* Release */ = {
			isa = XCBuildConfiguration;
			buildSettings = {
				ASSETCATALOG_COMPILER_APPICON_NAME = AppIcon;
				COMBINE_HIDPI_IMAGES = YES;
				DEVELOPMENT_TEAM = 9YKP257BLS;
				INFOPLIST_FILE = "Heavy Mountain/Info.plist";
				LD_RUNPATH_SEARCH_PATHS = "$(inherited) @executable_path/../Frameworks";
				MACOSX_DEPLOYMENT_TARGET = 10.12;
				PRODUCT_BUNDLE_IDENTIFIER = "website.trash.calcade.Heavy-Mountain";
				PRODUCT_NAME = "$(TARGET_NAME)";
				SWIFT_VERSION = 3.0;
			};
			name = Release;
		};
/* End XCBuildConfiguration section */

/* Begin XCConfigurationList section */
		6CD391121DD6586000A70400 /* Build configuration list for PBXProject "Heavy Mountain" */ = {
			isa = XCConfigurationList;
			buildConfigurations = (
				6CD3912A1DD6586000A70400 /* Debug */,
				6CD3912B1DD6586000A70400 /* Release */,
			);
			defaultConfigurationIsVisible = 0;
			defaultConfigurationName = Release;
		};
		6CD3912C1DD6586000A70400 /* Build configuration list for PBXNativeTarget "Heavy Mountain" */ = {
			isa = XCConfigurationList;
			buildConfigurations = (
				6CD3912D1DD6586000A70400 /* Debug */,
				6CD3912E1DD6586000A70400 /* Release */,
			);
			defaultConfigurationIsVisible = 0;
			defaultConfigurationName = Release;
		};
/* End XCConfigurationList section */
	};
	rootObject = 6CD3910F1DD6586000A70400 /* Project object */;
}
